
Microsoft Visual Studio Solution File, Format Version 12.00
# Visual Studio Version 17
VisualStudioVersion = 17.4.33205.214
MinimumVisualStudioVersion = 10.0.40219.1
Project("{FAE04EC0-301F-11D3-BF4B-00C04F79EFBC}") = "H5 swizzle pattern mapper", "H5 swizzle pattern mapper.csproj", "{49F5FF7E-64DE-4DCF-9A83-F4D929B47DD2}"
EndProject
Global
	GlobalSection(SolutionConfigurationPlatforms) = preSolution
		Debug|Any CPU = Debug|Any CPU
		Release|Any CPU = Release|Any CPU
	EndGlobalSection
	GlobalSection(ProjectConfigurationPlatforms) = postSolution
		{49F5FF7E-64DE-4DCF-9A83-F4D929B47DD2}.Debug|Any CPU.ActiveCfg = Debug|Any CPU
		{49F5FF7E-64DE-4DCF-9A83-F4D929B47DD2}.Debug|Any CPU.Build.0 = Debug|Any CPU
		{49F5FF7E-64DE-4DCF-9A83-F4D929B47DD2}.Release|Any CPU.ActiveCfg = Release|Any CPU
		{49F5FF7E-64DE-4DCF-9A83-F4D929B47DD2}.Release|Any CPU.Build.0 = Release|Any CPU
	EndGlobalSection
	GlobalSection(SolutionProperties) = preSolution
		HideSolutionNode = FALSE
	EndGlobalSection
	GlobalSection(ExtensibilityGlobals) = postSolution
		SolutionGuid = {4B11B9F3-73AC-406B-9E7E-1F55C5060585}
	EndGlobalSection
EndGlobal
